
Microsoft Visual Studio Solution File, Format Version 12.00
# Visual Studio 14
VisualStudioVersion = 14.0.25123.0
MinimumVisualStudioVersion = 10.0.40219.1
Project("{FAE04EC0-301F-11D3-BF4B-00C04F79EFBC}") = "Communications", "Communications\Communications.csproj", "{4AFB5321-9A21-4EEA-8B48-A9E93D5BD664}"
EndProject
Project("{FAE04EC0-301F-11D3-BF4B-00C04F79EFBC}") = "Similarity", "Similarity\Similarity.csproj", "{81F70047-EF8E-402F-A492-BBBB3C8A7FE8}"
EndProject
Project("{FAE04EC0-301F-11D3-BF4B-00C04F79EFBC}") = "Similarity.UnitTests", "UnitTests\Similarity.UnitTests.csproj", "{D78D7783-8137-4AF4-98BF-F1B2445C930F}"
EndProject
Project("{2150E333-8FDC-42A3-9474-1A3956D46DE8}") = "Tests", "Tests", "{6ECD9BF9-95D6-45E0-898A-B97E4A582C5E}"
EndProject
Project("{FAE04EC0-301F-11D3-BF4B-00C04F79EFBC}") = "Testability", "Testability\Testability.csproj", "{80213D32-5730-465D-9355-514404341202}"
EndProject
Project("{FAE04EC0-301F-11D3-BF4B-00C04F79EFBC}") = "Data", "Data\Data.csproj", "{4173BBC5-669B-41DC-A991-5A0FBE454794}"
EndProject
Project("{FAE04EC0-301F-11D3-BF4B-00C04F79EFBC}") = "AI", "AI\AI.csproj", "{D467B9B6-601E-4D0C-88C4-CB1C73D49FA5}"
EndProject
Project("{FAE04EC0-301F-11D3-BF4B-00C04F79EFBC}") = "PowerPointController", "PowerPointController\PowerPointController.csproj", "{4A046E39-BAEB-4A6A-A480-6579835E110F}"
EndProject
Project("{FAE04EC0-301F-11D3-BF4B-00C04F79EFBC}") = "BandController.Windows", "BandConnector\BandController.Windows\BandController.Windows.csproj", "{3896455F-7B4F-45A0-B4CF-4164CFCF960A}"
EndProject
Project("{2150E333-8FDC-42A3-9474-1A3956D46DE8}") = "BandController", "BandController", "{C8498664-59C3-48A4-B1B7-AB3C55A39886}"
EndProject
Project("{D954291E-2A0B-460D-934E-DC6B0785DB48}") = "BandController.Shared", "BandConnector\BandController.Shared\BandController.Shared.shproj", "{C628A594-0F2D-4E1E-AE32-3C2E424A56A3}"
EndProject
Project("{FAE04EC0-301F-11D3-BF4B-00C04F79EFBC}") = "AI.Tests", "AI.Tests\AI.Tests.csproj", "{8DAE8FE3-865A-4D45-91D6-140ECD15D0EA}"
EndProject
Global
	GlobalSection(SharedMSBuildProjectFiles) = preSolution
		BandConnector\BandController.Shared\BandController.Shared.projitems*{c628a594-0f2d-4e1e-ae32-3c2e424a56a3}*SharedItemsImports = 13
		BandConnector\BandController.Shared\BandController.Shared.projitems*{3896455f-7b4f-45a0-b4cf-4164cfcf960a}*SharedItemsImports = 4
	EndGlobalSection
	GlobalSection(SolutionConfigurationPlatforms) = preSolution
		Debug|Any CPU = Debug|Any CPU
		Debug|ARM = Debug|ARM
		Debug|x64 = Debug|x64
		Debug|x86 = Debug|x86
		Release|Any CPU = Release|Any CPU
		Release|ARM = Release|ARM
		Release|x64 = Release|x64
		Release|x86 = Release|x86
	EndGlobalSection
	GlobalSection(ProjectConfigurationPlatforms) = postSolution
		{4AFB5321-9A21-4EEA-8B48-A9E93D5BD664}.Debug|Any CPU.ActiveCfg = Debug|Any CPU
		{4AFB5321-9A21-4EEA-8B48-A9E93D5BD664}.Debug|Any CPU.Build.0 = Debug|Any CPU
		{4AFB5321-9A21-4EEA-8B48-A9E93D5BD664}.Debug|ARM.ActiveCfg = Debug|Any CPU
		{4AFB5321-9A21-4EEA-8B48-A9E93D5BD664}.Debug|ARM.Build.0 = Debug|Any CPU
		{4AFB5321-9A21-4EEA-8B48-A9E93D5BD664}.Debug|x64.ActiveCfg = Debug|Any CPU
		{4AFB5321-9A21-4EEA-8B48-A9E93D5BD664}.Debug|x64.Build.0 = Debug|Any CPU
		{4AFB5321-9A21-4EEA-8B48-A9E93D5BD664}.Debug|x86.ActiveCfg = Debug|Any CPU
		{4AFB5321-9A21-4EEA-8B48-A9E93D5BD664}.Debug|x86.Build.0 = Debug|Any CPU
		{4AFB5321-9A21-4EEA-8B48-A9E93D5BD664}.Release|Any CPU.ActiveCfg = Release|Any CPU
		{4AFB5321-9A21-4EEA-8B48-A9E93D5BD664}.Release|Any CPU.Build.0 = Release|Any CPU
		{4AFB5321-9A21-4EEA-8B48-A9E93D5BD664}.Release|ARM.ActiveCfg = Release|Any CPU
		{4AFB5321-9A21-4EEA-8B48-A9E93D5BD664}.Release|ARM.Build.0 = Release|Any CPU
		{4AFB5321-9A21-4EEA-8B48-A9E93D5BD664}.Release|x64.ActiveCfg = Release|Any CPU
		{4AFB5321-9A21-4EEA-8B48-A9E93D5BD664}.Release|x64.Build.0 = Release|Any CPU
		{4AFB5321-9A21-4EEA-8B48-A9E93D5BD664}.Release|x86.ActiveCfg = Release|Any CPU
		{4AFB5321-9A21-4EEA-8B48-A9E93D5BD664}.Release|x86.Build.0 = Release|Any CPU
		{81F70047-EF8E-402F-A492-BBBB3C8A7FE8}.Debug|Any CPU.ActiveCfg = Debug|Any CPU
		{81F70047-EF8E-402F-A492-BBBB3C8A7FE8}.Debug|Any CPU.Build.0 = Debug|Any CPU
		{81F70047-EF8E-402F-A492-BBBB3C8A7FE8}.Debug|ARM.ActiveCfg = Debug|Any CPU
		{81F70047-EF8E-402F-A492-BBBB3C8A7FE8}.Debug|ARM.Build.0 = Debug|Any CPU
		{81F70047-EF8E-402F-A492-BBBB3C8A7FE8}.Debug|x64.ActiveCfg = Debug|Any CPU
		{81F70047-EF8E-402F-A492-BBBB3C8A7FE8}.Debug|x64.Build.0 = Debug|Any CPU
		{81F70047-EF8E-402F-A492-BBBB3C8A7FE8}.Debug|x86.ActiveCfg = Debug|Any CPU
		{81F70047-EF8E-402F-A492-BBBB3C8A7FE8}.Debug|x86.Build.0 = Debug|Any CPU
		{81F70047-EF8E-402F-A492-BBBB3C8A7FE8}.Release|Any CPU.ActiveCfg = Release|Any CPU
		{81F70047-EF8E-402F-A492-BBBB3C8A7FE8}.Release|Any CPU.Build.0 = Release|Any CPU
		{81F70047-EF8E-402F-A492-BBBB3C8A7FE8}.Release|ARM.ActiveCfg = Release|Any CPU
		{81F70047-EF8E-402F-A492-BBBB3C8A7FE8}.Release|ARM.Build.0 = Release|Any CPU
		{81F70047-EF8E-402F-A492-BBBB3C8A7FE8}.Release|x64.ActiveCfg = Release|Any CPU
		{81F70047-EF8E-402F-A492-BBBB3C8A7FE8}.Release|x64.Build.0 = Release|Any CPU
		{81F70047-EF8E-402F-A492-BBBB3C8A7FE8}.Release|x86.ActiveCfg = Release|Any CPU
		{81F70047-EF8E-402F-A492-BBBB3C8A7FE8}.Release|x86.Build.0 = Release|Any CPU
		{D78D7783-8137-4AF4-98BF-F1B2445C930F}.Debug|Any CPU.ActiveCfg = Debug|Any CPU
		{D78D7783-8137-4AF4-98BF-F1B2445C930F}.Debug|Any CPU.Build.0 = Debug|Any CPU
		{D78D7783-8137-4AF4-98BF-F1B2445C930F}.Debug|ARM.ActiveCfg = Debug|Any CPU
		{D78D7783-8137-4AF4-98BF-F1B2445C930F}.Debug|ARM.Build.0 = Debug|Any CPU
		{D78D7783-8137-4AF4-98BF-F1B2445C930F}.Debug|x64.ActiveCfg = Debug|Any CPU
		{D78D7783-8137-4AF4-98BF-F1B2445C930F}.Debug|x64.Build.0 = Debug|Any CPU
		{D78D7783-8137-4AF4-98BF-F1B2445C930F}.Debug|x86.ActiveCfg = Debug|Any CPU
		{D78D7783-8137-4AF4-98BF-F1B2445C930F}.Debug|x86.Build.0 = Debug|Any CPU
		{D78D7783-8137-4AF4-98BF-F1B2445C930F}.Release|Any CPU.ActiveCfg = Release|Any CPU
		{D78D7783-8137-4AF4-98BF-F1B2445C930F}.Release|Any CPU.Build.0 = Release|Any CPU
		{D78D7783-8137-4AF4-98BF-F1B2445C930F}.Release|ARM.ActiveCfg = Release|Any CPU
		{D78D7783-8137-4AF4-98BF-F1B2445C930F}.Release|ARM.Build.0 = Release|Any CPU
		{D78D7783-8137-4AF4-98BF-F1B2445C930F}.Release|x64.ActiveCfg = Release|Any CPU
		{D78D7783-8137-4AF4-98BF-F1B2445C930F}.Release|x64.Build.0 = Release|Any CPU
		{D78D7783-8137-4AF4-98BF-F1B2445C930F}.Release|x86.ActiveCfg = Release|Any CPU
		{D78D7783-8137-4AF4-98BF-F1B2445C930F}.Release|x86.Build.0 = Release|Any CPU
		{80213D32-5730-465D-9355-514404341202}.Debug|Any CPU.ActiveCfg = Debug|Any CPU
		{80213D32-5730-465D-9355-514404341202}.Debug|Any CPU.Build.0 = Debug|Any CPU
		{80213D32-5730-465D-9355-514404341202}.Debug|ARM.ActiveCfg = Debug|Any CPU
		{80213D32-5730-465D-9355-514404341202}.Debug|ARM.Build.0 = Debug|Any CPU
		{80213D32-5730-465D-9355-514404341202}.Debug|x64.ActiveCfg = Debug|Any CPU
		{80213D32-5730-465D-9355-514404341202}.Debug|x64.Build.0 = Debug|Any CPU
		{80213D32-5730-465D-9355-514404341202}.Debug|x86.ActiveCfg = Debug|Any CPU
		{80213D32-5730-465D-9355-514404341202}.Debug|x86.Build.0 = Debug|Any CPU
		{80213D32-5730-465D-9355-514404341202}.Release|Any CPU.ActiveCfg = Release|Any CPU
		{80213D32-5730-465D-9355-514404341202}.Release|Any CPU.Build.0 = Release|Any CPU
		{80213D32-5730-465D-9355-514404341202}.Release|ARM.ActiveCfg = Release|Any CPU
		{80213D32-5730-465D-9355-514404341202}.Release|ARM.Build.0 = Release|Any CPU
		{80213D32-5730-465D-9355-514404341202}.Release|x64.ActiveCfg = Release|Any CPU
		{80213D32-5730-465D-9355-514404341202}.Release|x64.Build.0 = Release|Any CPU
		{80213D32-5730-465D-9355-514404341202}.Release|x86.ActiveCfg = Release|Any CPU
		{80213D32-5730-465D-9355-514404341202}.Release|x86.Build.0 = Release|Any CPU
		{4173BBC5-669B-41DC-A991-5A0FBE454794}.Debug|Any CPU.ActiveCfg = Debug|Any CPU
		{4173BBC5-669B-41DC-A991-5A0FBE454794}.Debug|Any CPU.Build.0 = Debug|Any CPU
		{4173BBC5-669B-41DC-A991-5A0FBE454794}.Debug|ARM.ActiveCfg = Debug|Any CPU
		{4173BBC5-669B-41DC-A991-5A0FBE454794}.Debug|ARM.Build.0 = Debug|Any CPU
		{4173BBC5-669B-41DC-A991-5A0FBE454794}.Debug|x64.ActiveCfg = Debug|Any CPU
		{4173BBC5-669B-41DC-A991-5A0FBE454794}.Debug|x64.Build.0 = Debug|Any CPU
		{4173BBC5-669B-41DC-A991-5A0FBE454794}.Debug|x86.ActiveCfg = Debug|Any CPU
		{4173BBC5-669B-41DC-A991-5A0FBE454794}.Debug|x86.Build.0 = Debug|Any CPU
		{4173BBC5-669B-41DC-A991-5A0FBE454794}.Release|Any CPU.ActiveCfg = Release|Any CPU
		{4173BBC5-669B-41DC-A991-5A0FBE454794}.Release|Any CPU.Build.0 = Release|Any CPU
		{4173BBC5-669B-41DC-A991-5A0FBE454794}.Release|ARM.ActiveCfg = Release|Any CPU
		{4173BBC5-669B-41DC-A991-5A0FBE454794}.Release|ARM.Build.0 = Release|Any CPU
		{4173BBC5-669B-41DC-A991-5A0FBE454794}.Release|x64.ActiveCfg = Release|Any CPU
		{4173BBC5-669B-41DC-A991-5A0FBE454794}.Release|x64.Build.0 = Release|Any CPU
		{4173BBC5-669B-41DC-A991-5A0FBE454794}.Release|x86.ActiveCfg = Release|Any CPU
		{4173BBC5-669B-41DC-A991-5A0FBE454794}.Release|x86.Build.0 = Release|Any CPU
		{D467B9B6-601E-4D0C-88C4-CB1C73D49FA5}.Debug|Any CPU.ActiveCfg = Debug|Any CPU
		{D467B9B6-601E-4D0C-88C4-CB1C73D49FA5}.Debug|Any CPU.Build.0 = Debug|Any CPU
		{D467B9B6-601E-4D0C-88C4-CB1C73D49FA5}.Debug|ARM.ActiveCfg = Debug|Any CPU
		{D467B9B6-601E-4D0C-88C4-CB1C73D49FA5}.Debug|ARM.Build.0 = Debug|Any CPU
		{D467B9B6-601E-4D0C-88C4-CB1C73D49FA5}.Debug|x64.ActiveCfg = Debug|Any CPU
		{D467B9B6-601E-4D0C-88C4-CB1C73D49FA5}.Debug|x64.Build.0 = Debug|Any CPU
		{D467B9B6-601E-4D0C-88C4-CB1C73D49FA5}.Debug|x86.ActiveCfg = Debug|Any CPU
		{D467B9B6-601E-4D0C-88C4-CB1C73D49FA5}.Debug|x86.Build.0 = Debug|Any CPU
		{D467B9B6-601E-4D0C-88C4-CB1C73D49FA5}.Release|Any CPU.ActiveCfg = Release|Any CPU
		{D467B9B6-601E-4D0C-88C4-CB1C73D49FA5}.Release|Any CPU.Build.0 = Release|Any CPU
		{D467B9B6-601E-4D0C-88C4-CB1C73D49FA5}.Release|ARM.ActiveCfg = Release|Any CPU
		{D467B9B6-601E-4D0C-88C4-CB1C73D49FA5}.Release|ARM.Build.0 = Release|Any CPU
		{D467B9B6-601E-4D0C-88C4-CB1C73D49FA5}.Release|x64.ActiveCfg = Release|Any CPU
		{D467B9B6-601E-4D0C-88C4-CB1C73D49FA5}.Release|x64.Build.0 = Release|Any CPU
		{D467B9B6-601E-4D0C-88C4-CB1C73D49FA5}.Release|x86.ActiveCfg = Release|Any CPU
		{D467B9B6-601E-4D0C-88C4-CB1C73D49FA5}.Release|x86.Build.0 = Release|Any CPU
		{4A046E39-BAEB-4A6A-A480-6579835E110F}.Debug|Any CPU.ActiveCfg = Debug|Any CPU
		{4A046E39-BAEB-4A6A-A480-6579835E110F}.Debug|Any CPU.Build.0 = Debug|Any CPU
		{4A046E39-BAEB-4A6A-A480-6579835E110F}.Debug|ARM.ActiveCfg = Debug|Any CPU
		{4A046E39-BAEB-4A6A-A480-6579835E110F}.Debug|ARM.Build.0 = Debug|Any CPU
		{4A046E39-BAEB-4A6A-A480-6579835E110F}.Debug|x64.ActiveCfg = Debug|Any CPU
		{4A046E39-BAEB-4A6A-A480-6579835E110F}.Debug|x64.Build.0 = Debug|Any CPU
		{4A046E39-BAEB-4A6A-A480-6579835E110F}.Debug|x86.ActiveCfg = Debug|Any CPU
		{4A046E39-BAEB-4A6A-A480-6579835E110F}.Debug|x86.Build.0 = Debug|Any CPU
		{4A046E39-BAEB-4A6A-A480-6579835E110F}.Release|Any CPU.ActiveCfg = Release|Any CPU
		{4A046E39-BAEB-4A6A-A480-6579835E110F}.Release|Any CPU.Build.0 = Release|Any CPU
		{4A046E39-BAEB-4A6A-A480-6579835E110F}.Release|ARM.ActiveCfg = Release|Any CPU
		{4A046E39-BAEB-4A6A-A480-6579835E110F}.Release|ARM.Build.0 = Release|Any CPU
		{4A046E39-BAEB-4A6A-A480-6579835E110F}.Release|x64.ActiveCfg = Release|Any CPU
		{4A046E39-BAEB-4A6A-A480-6579835E110F}.Release|x64.Build.0 = Release|Any CPU
		{4A046E39-BAEB-4A6A-A480-6579835E110F}.Release|x86.ActiveCfg = Release|Any CPU
		{4A046E39-BAEB-4A6A-A480-6579835E110F}.Release|x86.Build.0 = Release|Any CPU
		{3896455F-7B4F-45A0-B4CF-4164CFCF960A}.Debug|Any CPU.ActiveCfg = Debug|Any CPU
		{3896455F-7B4F-45A0-B4CF-4164CFCF960A}.Debug|Any CPU.Build.0 = Debug|Any CPU
		{3896455F-7B4F-45A0-B4CF-4164CFCF960A}.Debug|Any CPU.Deploy.0 = Debug|Any CPU
		{3896455F-7B4F-45A0-B4CF-4164CFCF960A}.Debug|ARM.ActiveCfg = Debug|ARM
		{3896455F-7B4F-45A0-B4CF-4164CFCF960A}.Debug|ARM.Build.0 = Debug|ARM
		{3896455F-7B4F-45A0-B4CF-4164CFCF960A}.Debug|ARM.Deploy.0 = Debug|ARM
		{3896455F-7B4F-45A0-B4CF-4164CFCF960A}.Debug|x64.ActiveCfg = Debug|x64
		{3896455F-7B4F-45A0-B4CF-4164CFCF960A}.Debug|x64.Build.0 = Debug|x64
		{3896455F-7B4F-45A0-B4CF-4164CFCF960A}.Debug|x64.Deploy.0 = Debug|x64
		{3896455F-7B4F-45A0-B4CF-4164CFCF960A}.Debug|x86.ActiveCfg = Debug|x86
		{3896455F-7B4F-45A0-B4CF-4164CFCF960A}.Debug|x86.Build.0 = Debug|x86
		{3896455F-7B4F-45A0-B4CF-4164CFCF960A}.Debug|x86.Deploy.0 = Debug|x86
		{3896455F-7B4F-45A0-B4CF-4164CFCF960A}.Release|Any CPU.ActiveCfg = Release|Any CPU
		{3896455F-7B4F-45A0-B4CF-4164CFCF960A}.Release|Any CPU.Build.0 = Release|Any CPU
		{3896455F-7B4F-45A0-B4CF-4164CFCF960A}.Release|Any CPU.Deploy.0 = Release|Any CPU
		{3896455F-7B4F-45A0-B4CF-4164CFCF960A}.Release|ARM.ActiveCfg = Release|ARM
		{3896455F-7B4F-45A0-B4CF-4164CFCF960A}.Release|ARM.Build.0 = Release|ARM
		{3896455F-7B4F-45A0-B4CF-4164CFCF960A}.Release|ARM.Deploy.0 = Release|ARM
		{3896455F-7B4F-45A0-B4CF-4164CFCF960A}.Release|x64.ActiveCfg = Release|x64
		{3896455F-7B4F-45A0-B4CF-4164CFCF960A}.Release|x64.Build.0 = Release|x64
		{3896455F-7B4F-45A0-B4CF-4164CFCF960A}.Release|x64.Deploy.0 = Release|x64
		{3896455F-7B4F-45A0-B4CF-4164CFCF960A}.Release|x86.ActiveCfg = Release|x86
		{3896455F-7B4F-45A0-B4CF-4164CFCF960A}.Release|x86.Build.0 = Release|x86
		{3896455F-7B4F-45A0-B4CF-4164CFCF960A}.Release|x86.Deploy.0 = Release|x86
		{8DAE8FE3-865A-4D45-91D6-140ECD15D0EA}.Debug|Any CPU.ActiveCfg = Debug|Any CPU
		{8DAE8FE3-865A-4D45-91D6-140ECD15D0EA}.Debug|Any CPU.Build.0 = Debug|Any CPU
		{8DAE8FE3-865A-4D45-91D6-140ECD15D0EA}.Debug|ARM.ActiveCfg = Debug|Any CPU
		{8DAE8FE3-865A-4D45-91D6-140ECD15D0EA}.Debug|ARM.Build.0 = Debug|Any CPU
		{8DAE8FE3-865A-4D45-91D6-140ECD15D0EA}.Debug|x64.ActiveCfg = Debug|Any CPU
		{8DAE8FE3-865A-4D45-91D6-140ECD15D0EA}.Debug|x64.Build.0 = Debug|Any CPU
		{8DAE8FE3-865A-4D45-91D6-140ECD15D0EA}.Debug|x86.ActiveCfg = Debug|Any CPU
		{8DAE8FE3-865A-4D45-91D6-140ECD15D0EA}.Debug|x86.Build.0 = Debug|Any CPU
		{8DAE8FE3-865A-4D45-91D6-140ECD15D0EA}.Release|Any CPU.ActiveCfg = Release|Any CPU
		{8DAE8FE3-865A-4D45-91D6-140ECD15D0EA}.Release|Any CPU.Build.0 = Release|Any CPU
		{8DAE8FE3-865A-4D45-91D6-140ECD15D0EA}.Release|ARM.ActiveCfg = Release|Any CPU
		{8DAE8FE3-865A-4D45-91D6-140ECD15D0EA}.Release|ARM.Build.0 = Release|Any CPU
		{8DAE8FE3-865A-4D45-91D6-140ECD15D0EA}.Release|x64.ActiveCfg = Release|Any CPU
		{8DAE8FE3-865A-4D45-91D6-140ECD15D0EA}.Release|x64.Build.0 = Release|Any CPU
		{8DAE8FE3-865A-4D45-91D6-140ECD15D0EA}.Release|x86.ActiveCfg = Release|Any CPU
		{8DAE8FE3-865A-4D45-91D6-140ECD15D0EA}.Release|x86.Build.0 = Release|Any CPU
	EndGlobalSection
	GlobalSection(SolutionProperties) = preSolution
		HideSolutionNode = FALSE
	EndGlobalSection
	GlobalSection(NestedProjects) = preSolution
		{D78D7783-8137-4AF4-98BF-F1B2445C930F} = {6ECD9BF9-95D6-45E0-898A-B97E4A582C5E}
		{80213D32-5730-465D-9355-514404341202} = {6ECD9BF9-95D6-45E0-898A-B97E4A582C5E}
		{3896455F-7B4F-45A0-B4CF-4164CFCF960A} = {C8498664-59C3-48A4-B1B7-AB3C55A39886}
		{C628A594-0F2D-4E1E-AE32-3C2E424A56A3} = {C8498664-59C3-48A4-B1B7-AB3C55A39886}
		{8DAE8FE3-865A-4D45-91D6-140ECD15D0EA} = {6ECD9BF9-95D6-45E0-898A-B97E4A582C5E}
	EndGlobalSection
EndGlobal
