
Microsoft Visual Studio Solution File, Format Version 12.00
# Visual Studio 14
VisualStudioVersion = 14.0.25123.0
MinimumVisualStudioVersion = 10.0.40219.1
Project("{2150E333-8FDC-42A3-9474-1A3956D46DE8}") = "src", "src", "{05927BF1-CDC0-41FB-842A-A0D8AAB8768C}"
EndProject
Project("{2150E333-8FDC-42A3-9474-1A3956D46DE8}") = "test", "test", "{76286C74-D513-4185-BB2A-66698EDB2FFF}"
EndProject
Project("{2150E333-8FDC-42A3-9474-1A3956D46DE8}") = "ai", "ai", "{2D7E3461-0369-492F-8C98-20EC612C74BD}"
EndProject
Project("{2150E333-8FDC-42A3-9474-1A3956D46DE8}") = "controller", "controller", "{58B93690-B26C-4973-A552-50B1641D4BF1}"
EndProject
Project("{2150E333-8FDC-42A3-9474-1A3956D46DE8}") = "device", "device", "{A2432857-8249-4A34-A896-4D5B9EACFD61}"
EndProject
Project("{2150E333-8FDC-42A3-9474-1A3956D46DE8}") = "data", "data", "{5B47E856-8559-44EF-86EB-B402036FA4B4}"
EndProject
Project("{FAE04EC0-301F-11D3-BF4B-00C04F79EFBC}") = "Test.Data.UnitTests", "test\Test.Data.UnitTests\Test.Data.UnitTests.csproj", "{0686E85B-89CC-4A15-8786-A35F82139508}"
EndProject
Project("{FAE04EC0-301F-11D3-BF4B-00C04F79EFBC}") = "Test.MWMSSearchAlgorithm.Tests", "test\Test.MWMSSearchAlgorithm.Tests\Test.MWMSSearchAlgorithm.Tests.csproj", "{8DAE8FE3-865A-4D45-91D6-140ECD15D0EA}"
EndProject
Project("{FAE04EC0-301F-11D3-BF4B-00C04F79EFBC}") = "Similarity.UnitTests", "test\Test.Similarity.UnitTests\Similarity.UnitTests.csproj", "{D78D7783-8137-4AF4-98BF-F1B2445C930F}"
EndProject
Project("{FAE04EC0-301F-11D3-BF4B-00C04F79EFBC}") = "Test.Testability", "test\Test.Testability\Test.Testability.csproj", "{80213D32-5730-465D-9355-514404341202}"
EndProject
Project("{FAE04EC0-301F-11D3-BF4B-00C04F79EFBC}") = "Prod.MWMSSearchAlgorithm", "src\Prod.MWMSSearchAlgorithm\Prod.MWMSSearchAlgorithm.csproj", "{D467B9B6-601E-4D0C-88C4-CB1C73D49FA5}"
EndProject
Project("{FAE04EC0-301F-11D3-BF4B-00C04F79EFBC}") = "Prod.PowerPointController", "src\Prod.PowerPointController\Prod.PowerPointController.csproj", "{4A046E39-BAEB-4A6A-A480-6579835E110F}"
EndProject
Project("{FAE04EC0-301F-11D3-BF4B-00C04F79EFBC}") = "Prod.Data", "src\Prod.Data\Prod.Data.csproj", "{4173BBC5-669B-41DC-A991-5A0FBE454794}"
EndProject
Project("{FAE04EC0-301F-11D3-BF4B-00C04F79EFBC}") = "Prod.Similarity", "src\Prod.Similarity\Prod.Similarity.csproj", "{81F70047-EF8E-402F-A492-BBBB3C8A7FE8}"
EndProject
Project("{FAE04EC0-301F-11D3-BF4B-00C04F79EFBC}") = "Prod.BandGestureFlowRetrieval", "src\Prod.BandGestureFlowRetrieval\Prod.BandGestureFlowRetrieval.csproj", "{7EF1C923-F401-43E5-B701-EA0452BFFCD1}"
EndProject
Project("{FAE04EC0-301F-11D3-BF4B-00C04F79EFBC}") = "Prod.BandController", "src\Prod.BandController\Prod.BandController.csproj", "{F04669B0-5D2B-4028-BC74-436E73F61E7E}"
EndProject
Project("{FAE04EC0-301F-11D3-BF4B-00C04F79EFBC}") = "Prod.BandGestureRecorder", "src\Prod.BandGestureRecorder\Prod.BandGestureRecorder.csproj", "{D77EC064-9757-4722-93D6-4D706FAC8216}"
EndProject
Project("{FAE04EC0-301F-11D3-BF4B-00C04F79EFBC}") = "Prod.UIControls", "src\Prod.UIControls\Prod.UIControls.csproj", "{031D3EC6-4C85-4B8C-AC60-A7EC236B6BB6}"
EndProject
Global
	GlobalSection(SolutionConfigurationPlatforms) = preSolution
		Debug|Any CPU = Debug|Any CPU
		Debug|ARM = Debug|ARM
		Debug|x64 = Debug|x64
		Debug|x86 = Debug|x86
		Release|Any CPU = Release|Any CPU
		Release|ARM = Release|ARM
		Release|x64 = Release|x64
		Release|x86 = Release|x86
	EndGlobalSection
	GlobalSection(ProjectConfigurationPlatforms) = postSolution
		{0686E85B-89CC-4A15-8786-A35F82139508}.Debug|Any CPU.ActiveCfg = Debug|Any CPU
		{0686E85B-89CC-4A15-8786-A35F82139508}.Debug|Any CPU.Build.0 = Debug|Any CPU
		{0686E85B-89CC-4A15-8786-A35F82139508}.Debug|ARM.ActiveCfg = Debug|Any CPU
		{0686E85B-89CC-4A15-8786-A35F82139508}.Debug|ARM.Build.0 = Debug|Any CPU
		{0686E85B-89CC-4A15-8786-A35F82139508}.Debug|x64.ActiveCfg = Debug|Any CPU
		{0686E85B-89CC-4A15-8786-A35F82139508}.Debug|x64.Build.0 = Debug|Any CPU
		{0686E85B-89CC-4A15-8786-A35F82139508}.Debug|x86.ActiveCfg = Debug|Any CPU
		{0686E85B-89CC-4A15-8786-A35F82139508}.Debug|x86.Build.0 = Debug|Any CPU
		{0686E85B-89CC-4A15-8786-A35F82139508}.Release|Any CPU.ActiveCfg = Release|Any CPU
		{0686E85B-89CC-4A15-8786-A35F82139508}.Release|Any CPU.Build.0 = Release|Any CPU
		{0686E85B-89CC-4A15-8786-A35F82139508}.Release|ARM.ActiveCfg = Release|Any CPU
		{0686E85B-89CC-4A15-8786-A35F82139508}.Release|ARM.Build.0 = Release|Any CPU
		{0686E85B-89CC-4A15-8786-A35F82139508}.Release|x64.ActiveCfg = Release|Any CPU
		{0686E85B-89CC-4A15-8786-A35F82139508}.Release|x64.Build.0 = Release|Any CPU
		{0686E85B-89CC-4A15-8786-A35F82139508}.Release|x86.ActiveCfg = Release|Any CPU
		{0686E85B-89CC-4A15-8786-A35F82139508}.Release|x86.Build.0 = Release|Any CPU
		{8DAE8FE3-865A-4D45-91D6-140ECD15D0EA}.Debug|Any CPU.ActiveCfg = Debug|Any CPU
		{8DAE8FE3-865A-4D45-91D6-140ECD15D0EA}.Debug|Any CPU.Build.0 = Debug|Any CPU
		{8DAE8FE3-865A-4D45-91D6-140ECD15D0EA}.Debug|ARM.ActiveCfg = Debug|Any CPU
		{8DAE8FE3-865A-4D45-91D6-140ECD15D0EA}.Debug|ARM.Build.0 = Debug|Any CPU
		{8DAE8FE3-865A-4D45-91D6-140ECD15D0EA}.Debug|x64.ActiveCfg = Debug|Any CPU
		{8DAE8FE3-865A-4D45-91D6-140ECD15D0EA}.Debug|x64.Build.0 = Debug|Any CPU
		{8DAE8FE3-865A-4D45-91D6-140ECD15D0EA}.Debug|x86.ActiveCfg = Debug|Any CPU
		{8DAE8FE3-865A-4D45-91D6-140ECD15D0EA}.Debug|x86.Build.0 = Debug|Any CPU
		{8DAE8FE3-865A-4D45-91D6-140ECD15D0EA}.Release|Any CPU.ActiveCfg = Release|Any CPU
		{8DAE8FE3-865A-4D45-91D6-140ECD15D0EA}.Release|Any CPU.Build.0 = Release|Any CPU
		{8DAE8FE3-865A-4D45-91D6-140ECD15D0EA}.Release|ARM.ActiveCfg = Release|Any CPU
		{8DAE8FE3-865A-4D45-91D6-140ECD15D0EA}.Release|ARM.Build.0 = Release|Any CPU
		{8DAE8FE3-865A-4D45-91D6-140ECD15D0EA}.Release|x64.ActiveCfg = Release|Any CPU
		{8DAE8FE3-865A-4D45-91D6-140ECD15D0EA}.Release|x64.Build.0 = Release|Any CPU
		{8DAE8FE3-865A-4D45-91D6-140ECD15D0EA}.Release|x86.ActiveCfg = Release|Any CPU
		{8DAE8FE3-865A-4D45-91D6-140ECD15D0EA}.Release|x86.Build.0 = Release|Any CPU
		{D78D7783-8137-4AF4-98BF-F1B2445C930F}.Debug|Any CPU.ActiveCfg = Debug|Any CPU
		{D78D7783-8137-4AF4-98BF-F1B2445C930F}.Debug|Any CPU.Build.0 = Debug|Any CPU
		{D78D7783-8137-4AF4-98BF-F1B2445C930F}.Debug|ARM.ActiveCfg = Debug|Any CPU
		{D78D7783-8137-4AF4-98BF-F1B2445C930F}.Debug|ARM.Build.0 = Debug|Any CPU
		{D78D7783-8137-4AF4-98BF-F1B2445C930F}.Debug|x64.ActiveCfg = Debug|Any CPU
		{D78D7783-8137-4AF4-98BF-F1B2445C930F}.Debug|x64.Build.0 = Debug|Any CPU
		{D78D7783-8137-4AF4-98BF-F1B2445C930F}.Debug|x86.ActiveCfg = Debug|Any CPU
		{D78D7783-8137-4AF4-98BF-F1B2445C930F}.Debug|x86.Build.0 = Debug|Any CPU
		{D78D7783-8137-4AF4-98BF-F1B2445C930F}.Release|Any CPU.ActiveCfg = Release|Any CPU
		{D78D7783-8137-4AF4-98BF-F1B2445C930F}.Release|Any CPU.Build.0 = Release|Any CPU
		{D78D7783-8137-4AF4-98BF-F1B2445C930F}.Release|ARM.ActiveCfg = Release|Any CPU
		{D78D7783-8137-4AF4-98BF-F1B2445C930F}.Release|ARM.Build.0 = Release|Any CPU
		{D78D7783-8137-4AF4-98BF-F1B2445C930F}.Release|x64.ActiveCfg = Release|Any CPU
		{D78D7783-8137-4AF4-98BF-F1B2445C930F}.Release|x64.Build.0 = Release|Any CPU
		{D78D7783-8137-4AF4-98BF-F1B2445C930F}.Release|x86.ActiveCfg = Release|Any CPU
		{D78D7783-8137-4AF4-98BF-F1B2445C930F}.Release|x86.Build.0 = Release|Any CPU
		{80213D32-5730-465D-9355-514404341202}.Debug|Any CPU.ActiveCfg = Debug|Any CPU
		{80213D32-5730-465D-9355-514404341202}.Debug|Any CPU.Build.0 = Debug|Any CPU
		{80213D32-5730-465D-9355-514404341202}.Debug|ARM.ActiveCfg = Debug|Any CPU
		{80213D32-5730-465D-9355-514404341202}.Debug|ARM.Build.0 = Debug|Any CPU
		{80213D32-5730-465D-9355-514404341202}.Debug|x64.ActiveCfg = Debug|Any CPU
		{80213D32-5730-465D-9355-514404341202}.Debug|x64.Build.0 = Debug|Any CPU
		{80213D32-5730-465D-9355-514404341202}.Debug|x86.ActiveCfg = Debug|Any CPU
		{80213D32-5730-465D-9355-514404341202}.Debug|x86.Build.0 = Debug|Any CPU
		{80213D32-5730-465D-9355-514404341202}.Release|Any CPU.ActiveCfg = Release|Any CPU
		{80213D32-5730-465D-9355-514404341202}.Release|Any CPU.Build.0 = Release|Any CPU
		{80213D32-5730-465D-9355-514404341202}.Release|ARM.ActiveCfg = Release|Any CPU
		{80213D32-5730-465D-9355-514404341202}.Release|ARM.Build.0 = Release|Any CPU
		{80213D32-5730-465D-9355-514404341202}.Release|x64.ActiveCfg = Release|Any CPU
		{80213D32-5730-465D-9355-514404341202}.Release|x64.Build.0 = Release|Any CPU
		{80213D32-5730-465D-9355-514404341202}.Release|x86.ActiveCfg = Release|Any CPU
		{80213D32-5730-465D-9355-514404341202}.Release|x86.Build.0 = Release|Any CPU
		{D467B9B6-601E-4D0C-88C4-CB1C73D49FA5}.Debug|Any CPU.ActiveCfg = Debug|Any CPU
		{D467B9B6-601E-4D0C-88C4-CB1C73D49FA5}.Debug|Any CPU.Build.0 = Debug|Any CPU
		{D467B9B6-601E-4D0C-88C4-CB1C73D49FA5}.Debug|ARM.ActiveCfg = Debug|Any CPU
		{D467B9B6-601E-4D0C-88C4-CB1C73D49FA5}.Debug|ARM.Build.0 = Debug|Any CPU
		{D467B9B6-601E-4D0C-88C4-CB1C73D49FA5}.Debug|x64.ActiveCfg = Debug|Any CPU
		{D467B9B6-601E-4D0C-88C4-CB1C73D49FA5}.Debug|x64.Build.0 = Debug|Any CPU
		{D467B9B6-601E-4D0C-88C4-CB1C73D49FA5}.Debug|x86.ActiveCfg = Debug|Any CPU
		{D467B9B6-601E-4D0C-88C4-CB1C73D49FA5}.Debug|x86.Build.0 = Debug|Any CPU
		{D467B9B6-601E-4D0C-88C4-CB1C73D49FA5}.Release|Any CPU.ActiveCfg = Release|Any CPU
		{D467B9B6-601E-4D0C-88C4-CB1C73D49FA5}.Release|Any CPU.Build.0 = Release|Any CPU
		{D467B9B6-601E-4D0C-88C4-CB1C73D49FA5}.Release|ARM.ActiveCfg = Release|Any CPU
		{D467B9B6-601E-4D0C-88C4-CB1C73D49FA5}.Release|ARM.Build.0 = Release|Any CPU
		{D467B9B6-601E-4D0C-88C4-CB1C73D49FA5}.Release|x64.ActiveCfg = Release|Any CPU
		{D467B9B6-601E-4D0C-88C4-CB1C73D49FA5}.Release|x64.Build.0 = Release|Any CPU
		{D467B9B6-601E-4D0C-88C4-CB1C73D49FA5}.Release|x86.ActiveCfg = Release|Any CPU
		{D467B9B6-601E-4D0C-88C4-CB1C73D49FA5}.Release|x86.Build.0 = Release|Any CPU
		{4A046E39-BAEB-4A6A-A480-6579835E110F}.Debug|Any CPU.ActiveCfg = Debug|Any CPU
		{4A046E39-BAEB-4A6A-A480-6579835E110F}.Debug|Any CPU.Build.0 = Debug|Any CPU
		{4A046E39-BAEB-4A6A-A480-6579835E110F}.Debug|ARM.ActiveCfg = Debug|Any CPU
		{4A046E39-BAEB-4A6A-A480-6579835E110F}.Debug|ARM.Build.0 = Debug|Any CPU
		{4A046E39-BAEB-4A6A-A480-6579835E110F}.Debug|x64.ActiveCfg = Debug|Any CPU
		{4A046E39-BAEB-4A6A-A480-6579835E110F}.Debug|x64.Build.0 = Debug|Any CPU
		{4A046E39-BAEB-4A6A-A480-6579835E110F}.Debug|x86.ActiveCfg = Debug|Any CPU
		{4A046E39-BAEB-4A6A-A480-6579835E110F}.Debug|x86.Build.0 = Debug|Any CPU
		{4A046E39-BAEB-4A6A-A480-6579835E110F}.Release|Any CPU.ActiveCfg = Release|Any CPU
		{4A046E39-BAEB-4A6A-A480-6579835E110F}.Release|Any CPU.Build.0 = Release|Any CPU
		{4A046E39-BAEB-4A6A-A480-6579835E110F}.Release|ARM.ActiveCfg = Release|Any CPU
		{4A046E39-BAEB-4A6A-A480-6579835E110F}.Release|ARM.Build.0 = Release|Any CPU
		{4A046E39-BAEB-4A6A-A480-6579835E110F}.Release|x64.ActiveCfg = Release|Any CPU
		{4A046E39-BAEB-4A6A-A480-6579835E110F}.Release|x64.Build.0 = Release|Any CPU
		{4A046E39-BAEB-4A6A-A480-6579835E110F}.Release|x86.ActiveCfg = Release|Any CPU
		{4A046E39-BAEB-4A6A-A480-6579835E110F}.Release|x86.Build.0 = Release|Any CPU
		{4173BBC5-669B-41DC-A991-5A0FBE454794}.Debug|Any CPU.ActiveCfg = Debug|Any CPU
		{4173BBC5-669B-41DC-A991-5A0FBE454794}.Debug|Any CPU.Build.0 = Debug|Any CPU
		{4173BBC5-669B-41DC-A991-5A0FBE454794}.Debug|ARM.ActiveCfg = Debug|Any CPU
		{4173BBC5-669B-41DC-A991-5A0FBE454794}.Debug|ARM.Build.0 = Debug|Any CPU
		{4173BBC5-669B-41DC-A991-5A0FBE454794}.Debug|x64.ActiveCfg = Debug|Any CPU
		{4173BBC5-669B-41DC-A991-5A0FBE454794}.Debug|x64.Build.0 = Debug|Any CPU
		{4173BBC5-669B-41DC-A991-5A0FBE454794}.Debug|x86.ActiveCfg = Debug|Any CPU
		{4173BBC5-669B-41DC-A991-5A0FBE454794}.Debug|x86.Build.0 = Debug|Any CPU
		{4173BBC5-669B-41DC-A991-5A0FBE454794}.Release|Any CPU.ActiveCfg = Release|Any CPU
		{4173BBC5-669B-41DC-A991-5A0FBE454794}.Release|Any CPU.Build.0 = Release|Any CPU
		{4173BBC5-669B-41DC-A991-5A0FBE454794}.Release|ARM.ActiveCfg = Release|Any CPU
		{4173BBC5-669B-41DC-A991-5A0FBE454794}.Release|ARM.Build.0 = Release|Any CPU
		{4173BBC5-669B-41DC-A991-5A0FBE454794}.Release|x64.ActiveCfg = Release|Any CPU
		{4173BBC5-669B-41DC-A991-5A0FBE454794}.Release|x64.Build.0 = Release|Any CPU
		{4173BBC5-669B-41DC-A991-5A0FBE454794}.Release|x86.ActiveCfg = Release|Any CPU
		{4173BBC5-669B-41DC-A991-5A0FBE454794}.Release|x86.Build.0 = Release|Any CPU
		{81F70047-EF8E-402F-A492-BBBB3C8A7FE8}.Debug|Any CPU.ActiveCfg = Debug|Any CPU
		{81F70047-EF8E-402F-A492-BBBB3C8A7FE8}.Debug|Any CPU.Build.0 = Debug|Any CPU
		{81F70047-EF8E-402F-A492-BBBB3C8A7FE8}.Debug|ARM.ActiveCfg = Debug|Any CPU
		{81F70047-EF8E-402F-A492-BBBB3C8A7FE8}.Debug|ARM.Build.0 = Debug|Any CPU
		{81F70047-EF8E-402F-A492-BBBB3C8A7FE8}.Debug|x64.ActiveCfg = Debug|Any CPU
		{81F70047-EF8E-402F-A492-BBBB3C8A7FE8}.Debug|x64.Build.0 = Debug|Any CPU
		{81F70047-EF8E-402F-A492-BBBB3C8A7FE8}.Debug|x86.ActiveCfg = Debug|Any CPU
		{81F70047-EF8E-402F-A492-BBBB3C8A7FE8}.Debug|x86.Build.0 = Debug|Any CPU
		{81F70047-EF8E-402F-A492-BBBB3C8A7FE8}.Release|Any CPU.ActiveCfg = Release|Any CPU
		{81F70047-EF8E-402F-A492-BBBB3C8A7FE8}.Release|Any CPU.Build.0 = Release|Any CPU
		{81F70047-EF8E-402F-A492-BBBB3C8A7FE8}.Release|ARM.ActiveCfg = Release|Any CPU
		{81F70047-EF8E-402F-A492-BBBB3C8A7FE8}.Release|ARM.Build.0 = Release|Any CPU
		{81F70047-EF8E-402F-A492-BBBB3C8A7FE8}.Release|x64.ActiveCfg = Release|Any CPU
		{81F70047-EF8E-402F-A492-BBBB3C8A7FE8}.Release|x64.Build.0 = Release|Any CPU
		{81F70047-EF8E-402F-A492-BBBB3C8A7FE8}.Release|x86.ActiveCfg = Release|Any CPU
		{81F70047-EF8E-402F-A492-BBBB3C8A7FE8}.Release|x86.Build.0 = Release|Any CPU
		{7EF1C923-F401-43E5-B701-EA0452BFFCD1}.Debug|Any CPU.ActiveCfg = Debug|Any CPU
		{7EF1C923-F401-43E5-B701-EA0452BFFCD1}.Debug|Any CPU.Build.0 = Debug|Any CPU
		{7EF1C923-F401-43E5-B701-EA0452BFFCD1}.Debug|ARM.ActiveCfg = Debug|ARM
		{7EF1C923-F401-43E5-B701-EA0452BFFCD1}.Debug|ARM.Build.0 = Debug|ARM
		{7EF1C923-F401-43E5-B701-EA0452BFFCD1}.Debug|x64.ActiveCfg = Debug|x64
		{7EF1C923-F401-43E5-B701-EA0452BFFCD1}.Debug|x64.Build.0 = Debug|x64
		{7EF1C923-F401-43E5-B701-EA0452BFFCD1}.Debug|x86.ActiveCfg = Debug|x86
		{7EF1C923-F401-43E5-B701-EA0452BFFCD1}.Debug|x86.Build.0 = Debug|x86
		{7EF1C923-F401-43E5-B701-EA0452BFFCD1}.Release|Any CPU.ActiveCfg = Release|Any CPU
		{7EF1C923-F401-43E5-B701-EA0452BFFCD1}.Release|Any CPU.Build.0 = Release|Any CPU
		{7EF1C923-F401-43E5-B701-EA0452BFFCD1}.Release|ARM.ActiveCfg = Release|ARM
		{7EF1C923-F401-43E5-B701-EA0452BFFCD1}.Release|ARM.Build.0 = Release|ARM
		{7EF1C923-F401-43E5-B701-EA0452BFFCD1}.Release|x64.ActiveCfg = Release|x64
		{7EF1C923-F401-43E5-B701-EA0452BFFCD1}.Release|x64.Build.0 = Release|x64
		{7EF1C923-F401-43E5-B701-EA0452BFFCD1}.Release|x86.ActiveCfg = Release|x86
		{7EF1C923-F401-43E5-B701-EA0452BFFCD1}.Release|x86.Build.0 = Release|x86
		{F04669B0-5D2B-4028-BC74-436E73F61E7E}.Debug|Any CPU.ActiveCfg = Debug|x86
		{F04669B0-5D2B-4028-BC74-436E73F61E7E}.Debug|Any CPU.Build.0 = Debug|x86
		{F04669B0-5D2B-4028-BC74-436E73F61E7E}.Debug|Any CPU.Deploy.0 = Debug|x86
		{F04669B0-5D2B-4028-BC74-436E73F61E7E}.Debug|ARM.ActiveCfg = Debug|ARM
		{F04669B0-5D2B-4028-BC74-436E73F61E7E}.Debug|ARM.Build.0 = Debug|ARM
		{F04669B0-5D2B-4028-BC74-436E73F61E7E}.Debug|ARM.Deploy.0 = Debug|ARM
		{F04669B0-5D2B-4028-BC74-436E73F61E7E}.Debug|x64.ActiveCfg = Debug|x64
		{F04669B0-5D2B-4028-BC74-436E73F61E7E}.Debug|x64.Build.0 = Debug|x64
		{F04669B0-5D2B-4028-BC74-436E73F61E7E}.Debug|x64.Deploy.0 = Debug|x64
		{F04669B0-5D2B-4028-BC74-436E73F61E7E}.Debug|x86.ActiveCfg = Debug|x86
		{F04669B0-5D2B-4028-BC74-436E73F61E7E}.Debug|x86.Build.0 = Debug|x86
		{F04669B0-5D2B-4028-BC74-436E73F61E7E}.Debug|x86.Deploy.0 = Debug|x86
		{F04669B0-5D2B-4028-BC74-436E73F61E7E}.Release|Any CPU.ActiveCfg = Release|x86
		{F04669B0-5D2B-4028-BC74-436E73F61E7E}.Release|ARM.ActiveCfg = Release|ARM
		{F04669B0-5D2B-4028-BC74-436E73F61E7E}.Release|ARM.Build.0 = Release|ARM
		{F04669B0-5D2B-4028-BC74-436E73F61E7E}.Release|ARM.Deploy.0 = Release|ARM
		{F04669B0-5D2B-4028-BC74-436E73F61E7E}.Release|x64.ActiveCfg = Release|x64
		{F04669B0-5D2B-4028-BC74-436E73F61E7E}.Release|x64.Build.0 = Release|x64
		{F04669B0-5D2B-4028-BC74-436E73F61E7E}.Release|x64.Deploy.0 = Release|x64
		{F04669B0-5D2B-4028-BC74-436E73F61E7E}.Release|x86.ActiveCfg = Release|x86
		{F04669B0-5D2B-4028-BC74-436E73F61E7E}.Release|x86.Build.0 = Release|x86
		{F04669B0-5D2B-4028-BC74-436E73F61E7E}.Release|x86.Deploy.0 = Release|x86
		{D77EC064-9757-4722-93D6-4D706FAC8216}.Debug|Any CPU.ActiveCfg = Debug|x86
		{D77EC064-9757-4722-93D6-4D706FAC8216}.Debug|Any CPU.Build.0 = Debug|x86
		{D77EC064-9757-4722-93D6-4D706FAC8216}.Debug|Any CPU.Deploy.0 = Debug|x86
		{D77EC064-9757-4722-93D6-4D706FAC8216}.Debug|ARM.ActiveCfg = Debug|ARM
		{D77EC064-9757-4722-93D6-4D706FAC8216}.Debug|ARM.Build.0 = Debug|ARM
		{D77EC064-9757-4722-93D6-4D706FAC8216}.Debug|ARM.Deploy.0 = Debug|ARM
		{D77EC064-9757-4722-93D6-4D706FAC8216}.Debug|x64.ActiveCfg = Debug|x64
		{D77EC064-9757-4722-93D6-4D706FAC8216}.Debug|x64.Build.0 = Debug|x64
		{D77EC064-9757-4722-93D6-4D706FAC8216}.Debug|x64.Deploy.0 = Debug|x64
		{D77EC064-9757-4722-93D6-4D706FAC8216}.Debug|x86.ActiveCfg = Debug|x86
		{D77EC064-9757-4722-93D6-4D706FAC8216}.Debug|x86.Build.0 = Debug|x86
		{D77EC064-9757-4722-93D6-4D706FAC8216}.Debug|x86.Deploy.0 = Debug|x86
		{D77EC064-9757-4722-93D6-4D706FAC8216}.Release|Any CPU.ActiveCfg = Release|x86
		{D77EC064-9757-4722-93D6-4D706FAC8216}.Release|ARM.ActiveCfg = Release|ARM
		{D77EC064-9757-4722-93D6-4D706FAC8216}.Release|ARM.Build.0 = Release|ARM
		{D77EC064-9757-4722-93D6-4D706FAC8216}.Release|ARM.Deploy.0 = Release|ARM
		{D77EC064-9757-4722-93D6-4D706FAC8216}.Release|x64.ActiveCfg = Release|x64
		{D77EC064-9757-4722-93D6-4D706FAC8216}.Release|x64.Build.0 = Release|x64
		{D77EC064-9757-4722-93D6-4D706FAC8216}.Release|x64.Deploy.0 = Release|x64
		{D77EC064-9757-4722-93D6-4D706FAC8216}.Release|x86.ActiveCfg = Release|x86
		{D77EC064-9757-4722-93D6-4D706FAC8216}.Release|x86.Build.0 = Release|x86
		{D77EC064-9757-4722-93D6-4D706FAC8216}.Release|x86.Deploy.0 = Release|x86
		{031D3EC6-4C85-4B8C-AC60-A7EC236B6BB6}.Debug|Any CPU.ActiveCfg = Debug|Any CPU
		{031D3EC6-4C85-4B8C-AC60-A7EC236B6BB6}.Debug|Any CPU.Build.0 = Debug|Any CPU
		{031D3EC6-4C85-4B8C-AC60-A7EC236B6BB6}.Debug|ARM.ActiveCfg = Debug|ARM
		{031D3EC6-4C85-4B8C-AC60-A7EC236B6BB6}.Debug|ARM.Build.0 = Debug|ARM
		{031D3EC6-4C85-4B8C-AC60-A7EC236B6BB6}.Debug|x64.ActiveCfg = Debug|x64
		{031D3EC6-4C85-4B8C-AC60-A7EC236B6BB6}.Debug|x64.Build.0 = Debug|x64
		{031D3EC6-4C85-4B8C-AC60-A7EC236B6BB6}.Debug|x86.ActiveCfg = Debug|x86
		{031D3EC6-4C85-4B8C-AC60-A7EC236B6BB6}.Debug|x86.Build.0 = Debug|x86
		{031D3EC6-4C85-4B8C-AC60-A7EC236B6BB6}.Release|Any CPU.ActiveCfg = Release|Any CPU
		{031D3EC6-4C85-4B8C-AC60-A7EC236B6BB6}.Release|Any CPU.Build.0 = Release|Any CPU
		{031D3EC6-4C85-4B8C-AC60-A7EC236B6BB6}.Release|ARM.ActiveCfg = Release|ARM
		{031D3EC6-4C85-4B8C-AC60-A7EC236B6BB6}.Release|ARM.Build.0 = Release|ARM
		{031D3EC6-4C85-4B8C-AC60-A7EC236B6BB6}.Release|x64.ActiveCfg = Release|x64
		{031D3EC6-4C85-4B8C-AC60-A7EC236B6BB6}.Release|x64.Build.0 = Release|x64
		{031D3EC6-4C85-4B8C-AC60-A7EC236B6BB6}.Release|x86.ActiveCfg = Release|x86
		{031D3EC6-4C85-4B8C-AC60-A7EC236B6BB6}.Release|x86.Build.0 = Release|x86
	EndGlobalSection
	GlobalSection(SolutionProperties) = preSolution
		HideSolutionNode = FALSE
	EndGlobalSection
	GlobalSection(NestedProjects) = preSolution
		{2D7E3461-0369-492F-8C98-20EC612C74BD} = {05927BF1-CDC0-41FB-842A-A0D8AAB8768C}
		{58B93690-B26C-4973-A552-50B1641D4BF1} = {05927BF1-CDC0-41FB-842A-A0D8AAB8768C}
		{A2432857-8249-4A34-A896-4D5B9EACFD61} = {05927BF1-CDC0-41FB-842A-A0D8AAB8768C}
		{5B47E856-8559-44EF-86EB-B402036FA4B4} = {05927BF1-CDC0-41FB-842A-A0D8AAB8768C}
		{0686E85B-89CC-4A15-8786-A35F82139508} = {76286C74-D513-4185-BB2A-66698EDB2FFF}
		{8DAE8FE3-865A-4D45-91D6-140ECD15D0EA} = {76286C74-D513-4185-BB2A-66698EDB2FFF}
		{D78D7783-8137-4AF4-98BF-F1B2445C930F} = {76286C74-D513-4185-BB2A-66698EDB2FFF}
		{80213D32-5730-465D-9355-514404341202} = {76286C74-D513-4185-BB2A-66698EDB2FFF}
		{D467B9B6-601E-4D0C-88C4-CB1C73D49FA5} = {2D7E3461-0369-492F-8C98-20EC612C74BD}
		{4A046E39-BAEB-4A6A-A480-6579835E110F} = {58B93690-B26C-4973-A552-50B1641D4BF1}
		{4173BBC5-669B-41DC-A991-5A0FBE454794} = {5B47E856-8559-44EF-86EB-B402036FA4B4}
		{81F70047-EF8E-402F-A492-BBBB3C8A7FE8} = {2D7E3461-0369-492F-8C98-20EC612C74BD}
		{7EF1C923-F401-43E5-B701-EA0452BFFCD1} = {A2432857-8249-4A34-A896-4D5B9EACFD61}
		{F04669B0-5D2B-4028-BC74-436E73F61E7E} = {A2432857-8249-4A34-A896-4D5B9EACFD61}
		{D77EC064-9757-4722-93D6-4D706FAC8216} = {A2432857-8249-4A34-A896-4D5B9EACFD61}
		{031D3EC6-4C85-4B8C-AC60-A7EC236B6BB6} = {A2432857-8249-4A34-A896-4D5B9EACFD61}
	EndGlobalSection
EndGlobal
